lockfileVersion: '9.0'

settings:
  autoInstallPeers: true
  excludeLinksFromLockfile: false

importers:

  .:
    devDependencies:
      playwright-chromium:
        specifier: ^1.55.1
        version: 1.55.1

packages:

  playwright-chromium@1.55.1:
    resolution: {integrity: sha512-eq2L3TRfYX5CGBUTk2ey8jrxFZsL1cQ13LRnWfyM3708IFUSql8Db8Pddeh7jFXMKWou0KySCSv53GhdyXI2EQ==}
    engines: {node: '>=18'}
    hasBin: true

  playwright-core@1.55.1:
    resolution: {integrity: sha512-Z6Mh9mkwX+zxSlHqdr5AOcJnfp+xUWLCt9uKV18fhzA8eyxUd8NUWzAjxUh55RZKSYwDGX0cfaySdhZJGMoJ+w==}
    engines: {node: '>=18'}
    hasBin: true

snapshots:

  playwright-chromium@1.55.1:
    dependencies:
      playwright-core: 1.55.1

  playwright-core@1.55.1: {}
